
Microsoft Visual Studio Solution File, Format Version 12.00
# Visual Studio Version 16
VisualStudioVersion = 16.0.30128.74
MinimumVisualStudioVersion = 10.0.40219.1
Project("{FAE04EC0-301F-11D3-BF4B-00C04F79EFBC}") = "DetectMayus", "DetectMayus\DetectMayus.csproj", "{5FA34698-EDE0-4DCE-B27F-446A12A52412}"
EndProject
Global
	GlobalSection(SolutionConfigurationPlatforms) = preSolution
		Debug|Any CPU = Debug|Any CPU
		Release|Any CPU = Release|Any CPU
	EndGlobalSection
	GlobalSection(ProjectConfigurationPlatforms) = postSolution
		{5FA34698-EDE0-4DCE-B27F-446A12A52412}.Debug|Any CPU.ActiveCfg = Debug|Any CPU
		{5FA34698-EDE0-4DCE-B27F-446A12A52412}.Debug|Any CPU.Build.0 = Debug|Any CPU
		{5FA34698-EDE0-4DCE-B27F-446A12A52412}.Release|Any CPU.ActiveCfg = Release|Any CPU
		{5FA34698-EDE0-4DCE-B27F-446A12A52412}.Release|Any CPU.Build.0 = Release|Any CPU
	EndGlobalSection
	GlobalSection(SolutionProperties) = preSolution
		HideSolutionNode = FALSE
	EndGlobalSection
	GlobalSection(ExtensibilityGlobals) = postSolution
		SolutionGuid = {4B78C105-7749-4CEE-8A22-4451D01E9E5C}
	EndGlobalSection
EndGlobal
